
Microsoft Visual Studio Solution File, Format Version 12.00
# Visual Studio Version 16
VisualStudioVersion = 16.0.30330.147
MinimumVisualStudioVersion = 10.0.40219.1
Project("{9A19103F-16F7-4668-BE54-9A1E7A4F7556}") = "SmashUltimateEditor", "SmashUltimateEditor\SmashUltimateEditor.csproj", "{42CAD0A7-50D2-4376-934D-4B91839EAF75}"
EndProject
Project("{9A19103F-16F7-4668-BE54-9A1E7A4F7556}") = "SmashUltimateEditorTests", "SmashUltimateEditorTests\SmashUltimateEditorTests.csproj", "{08BAD841-DE7F-463F-956B-70F2A659A7BC}"
EndProject
Project("{9A19103F-16F7-4668-BE54-9A1E7A4F7556}") = "paracobNet", "paracobNET\paracobNET\paracobNet.csproj", "{99515D72-2D52-458A-AC5A-3EFD2B37029C}"
EndProject
Global
	GlobalSection(SolutionConfigurationPlatforms) = preSolution
		Debug|Any CPU = Debug|Any CPU
		Release|Any CPU = Release|Any CPU
	EndGlobalSection
	GlobalSection(ProjectConfigurationPlatforms) = postSolution
		{42CAD0A7-50D2-4376-934D-4B91839EAF75}.Debug|Any CPU.ActiveCfg = Debug|Any CPU
		{42CAD0A7-50D2-4376-934D-4B91839EAF75}.Debug|Any CPU.Build.0 = Debug|Any CPU
		{42CAD0A7-50D2-4376-934D-4B91839EAF75}.Release|Any CPU.ActiveCfg = Release|Any CPU
		{42CAD0A7-50D2-4376-934D-4B91839EAF75}.Release|Any CPU.Build.0 = Release|Any CPU
		{08BAD841-DE7F-463F-956B-70F2A659A7BC}.Debug|Any CPU.ActiveCfg = Debug|Any CPU
		{08BAD841-DE7F-463F-956B-70F2A659A7BC}.Debug|Any CPU.Build.0 = Debug|Any CPU
		{08BAD841-DE7F-463F-956B-70F2A659A7BC}.Release|Any CPU.ActiveCfg = Release|Any CPU
		{08BAD841-DE7F-463F-956B-70F2A659A7BC}.Release|Any CPU.Build.0 = Release|Any CPU
		{99515D72-2D52-458A-AC5A-3EFD2B37029C}.Debug|Any CPU.ActiveCfg = Debug|Any CPU
		{99515D72-2D52-458A-AC5A-3EFD2B37029C}.Debug|Any CPU.Build.0 = Debug|Any CPU
		{99515D72-2D52-458A-AC5A-3EFD2B37029C}.Release|Any CPU.ActiveCfg = Release|Any CPU
		{99515D72-2D52-458A-AC5A-3EFD2B37029C}.Release|Any CPU.Build.0 = Release|Any CPU
	EndGlobalSection
	GlobalSection(SolutionProperties) = preSolution
		HideSolutionNode = FALSE
	EndGlobalSection
	GlobalSection(ExtensibilityGlobals) = postSolution
		SolutionGuid = {28FBDA69-0275-40FE-BFBC-6D4BCFEB11A5}
	EndGlobalSection
EndGlobal
