
Microsoft Visual Studio Solution File, Format Version 12.00
# Visual Studio Version 16
VisualStudioVersion = 16.0.30330.147
MinimumVisualStudioVersion = 10.0.40219.1
Project("{FAE04EC0-301F-11D3-BF4B-00C04F79EFBC}") = "SmashUltimateEditor", "SmashUltimateEditor\SmashUltimateEditor.csproj", "{42CAD0A7-50D2-4376-934D-4B91839EAF75}"
EndProject
Global
	GlobalSection(SolutionConfigurationPlatforms) = preSolution
		Debug|Any CPU = Debug|Any CPU
		Release|Any CPU = Release|Any CPU
	EndGlobalSection
	GlobalSection(ProjectConfigurationPlatforms) = postSolution
		{42CAD0A7-50D2-4376-934D-4B91839EAF75}.Debug|Any CPU.ActiveCfg = Debug|Any CPU
		{42CAD0A7-50D2-4376-934D-4B91839EAF75}.Debug|Any CPU.Build.0 = Debug|Any CPU
		{42CAD0A7-50D2-4376-934D-4B91839EAF75}.Release|Any CPU.ActiveCfg = Release|Any CPU
		{42CAD0A7-50D2-4376-934D-4B91839EAF75}.Release|Any CPU.Build.0 = Release|Any CPU
	EndGlobalSection
	GlobalSection(SolutionProperties) = preSolution
		HideSolutionNode = FALSE
	EndGlobalSection
	GlobalSection(ExtensibilityGlobals) = postSolution
		SolutionGuid = {28FBDA69-0275-40FE-BFBC-6D4BCFEB11A5}
	EndGlobalSection
EndGlobal
